// !$*UTF8*$!
{
	archiveVersion = 1;
	classes = {
	};
	objectVersion = 77;
	objects = {

/* Begin PBXContainerItemProxy section */
		8E772E1B2ED56FDA007B623D /* PBXContainerItemProxy */ = {
			isa = PBXContainerItemProxy;
			containerPortal = 8E772E012ED56FD9007B623D /* Project object */;
			proxyType = 1;
			remoteGlobalIDString = 8E772E082ED56FD9007B623D;
			remoteInfo = LaunchdMonitorApp;
		};
		8E772E252ED56FDA007B623D /* PBXContainerItemProxy */ = {
			isa = PBXContainerItemProxy;
			containerPortal = 8E772E012ED56FD9007B623D /* Project object */;
			proxyType = 1;
			remoteGlobalIDString = 8E772E082ED56FD9007B623D;
			remoteInfo = LaunchdMonitorApp;
		};
/* End PBXContainerItemProxy section */

/* Begin PBXFileReference section */
		8E772E092ED56FD9007B623D /* LaunchdMonitorApp.app */ = {isa = PBXFileReference; explicitFileType = wrapper.application; includeInIndex = 0; path = LaunchdMonitorApp.app; sourceTree = BUILT_PRODUCTS_DIR; };
		8E772E1A2ED56FDA007B623D /* LaunchdMonitorAppTests.xctest */ = {isa = PBXFileReference; explicitFileType = wrapper.cfbundle; includeInIndex = 0; path = LaunchdMonitorAppTests.xctest; sourceTree = BUILT_PRODUCTS_DIR; };
		8E772E242ED56FDA007B623D /* LaunchdMonitorAppUITests.xctest */ = {isa = PBXFileReference; explicitFileType = wrapper.cfbundle; includeInIndex = 0; path = LaunchdMonitorAppUITests.xctest; sourceTree = BUILT_PRODUCTS_DIR; };
/* End PBXFileReference section */

/* Begin PBXFileSystemSynchronizedRootGroup section */
		8E772E0B2ED56FD9007B623D /* LaunchdMonitorApp */ = {
			isa = PBXFileSystemSynchronizedRootGroup;
			path = LaunchdMonitorApp;
			sourceTree = "<group>";
		};
		8E772E1D2ED56FDA007B623D /* LaunchdMonitorAppTests */ = {
			isa = PBXFileSystemSynchronizedRootGroup;
			path = LaunchdMonitorAppTests;
			sourceTree = "<group>";
		};
		8E772E272ED56FDA007B623D /* LaunchdMonitorAppUITests */ = {
			isa = PBXFileSystemSynchronizedRootGroup;
			path = LaunchdMonitorAppUITests;
			sourceTree = "<group>";
		};
/* End PBXFileSystemSynchronizedRootGroup section */

/* Begin PBXFrameworksBuildPhase section */
		8E772E062ED56FD9007B623D /* Frameworks */ = {
			isa = PBXFrameworksBuildPhase;
			buildActionMask = 2147483647;
			files = (
			);
			runOnlyForDeploymentPostprocessing = 0;
		};
		8E772E172ED56FDA007B623D /* Frameworks */ = {
			isa = PBXFrameworksBuildPhase;
			buildActionMask = 2147483647;
			files = (
			);
			runOnlyForDeploymentPostprocessing = 0;
		};
		8E772E212ED56FDA007B623D /* Frameworks */ = {
			isa = PBXFrameworksBuildPhase;
			buildActionMask = 2147483647;
			files = (
			);
			runOnlyForDeploymentPostprocessing = 0;
		};
/* End PBXFrameworksBuildPhase section */

/* Begin PBXGroup section */
		8E772E002ED56FD9007B623D = {
			isa = PBXGroup;
			children = (
				8E772E0B2ED56FD9007B623D /* LaunchdMonitorApp */,
				8E772E1D2ED56FDA007B623D /* LaunchdMonitorAppTests */,
				8E772E272ED56FDA007B623D /* LaunchdMonitorAppUITests */,
				8E772E0A2ED56FD9007B623D /* Products */,
			);
			sourceTree = "<group>";
		};
		8E772E0A2ED56FD9007B623D /* Products */ = {
			isa = PBXGroup;
			children = (
				8E772E092ED56FD9007B623D /* LaunchdMonitorApp.app */,
				8E772E1A2ED56FDA007B623D /* LaunchdMonitorAppTests.xctest */,
				8E772E242ED56FDA007B623D /* LaunchdMonitorAppUITests.xctest */,
			);
			name = Products;
			sourceTree = "<group>";
		};
/* End PBXGroup section */

/* Begin PBXNativeTarget section */
		8E772E082ED56FD9007B623D /* LaunchdMonitorApp */ = {
			isa = PBXNativeTarget;
			buildConfigurationList = 8E772E2E2ED56FDA007B623D /* Build configuration list for PBXNativeTarget "LaunchdMonitorApp" */;
			buildPhases = (
				8E772E052ED56FD9007B623D /* Sources */,
				8E772E062ED56FD9007B623D /* Frameworks */,
				8E772E072ED56FD9007B623D /* Resources */,
			);
			buildRules = (
			);
			dependencies = (
			);
			fileSystemSynchronizedGroups = (
				8E772E0B2ED56FD9007B623D /* LaunchdMonitorApp */,
			);
			name = LaunchdMonitorApp;
			packageProductDependencies = (
			);
			productName = LaunchdMonitorApp;
			productReference = 8E772E092ED56FD9007B623D /* LaunchdMonitorApp.app */;
			productType = "com.apple.product-type.application";
		};
		8E772E192ED56FDA007B623D /* LaunchdMonitorAppTests */ = {
			isa = PBXNativeTarget;
			buildConfigurationList = 8E772E312ED56FDA007B623D /* Build configuration list for PBXNativeTarget "LaunchdMonitorAppTests" */;
			buildPhases = (
				8E772E162ED56FDA007B623D /* Sources */,
				8E772E172ED56FDA007B623D /* Frameworks */,
				8E772E182ED56FDA007B623D /* Resources */,
			);
			buildRules = (
			);
			dependencies = (
				8E772E1C2ED56FDA007B623D /* PBXTargetDependency */,
			);
			fileSystemSynchronizedGroups = (
				8E772E1D2ED56FDA007B623D /* LaunchdMonitorAppTests */,
			);
			name = LaunchdMonitorAppTests;
			packageProductDependencies = (
			);
			productName = LaunchdMonitorAppTests;
			productReference = 8E772E1A2ED56FDA007B623D /* LaunchdMonitorAppTests.xctest */;
			productType = "com.apple.product-type.bundle.unit-test";
		};
		8E772E232ED56FDA007B623D /* LaunchdMonitorAppUITests */ = {
			isa = PBXNativeTarget;
			buildConfigurationList = 8E772E342ED56FDA007B623D /* Build configuration list for PBXNativeTarget "LaunchdMonitorAppUITests" */;
			buildPhases = (
				8E772E202ED56FDA007B623D /* Sources */,
				8E772E212ED56FDA007B623D /* Frameworks */,
				8E772E222ED56FDA007B623D /* Resources */,
			);
			buildRules = (
			);
			dependencies = (
				8E772E262ED56FDA007B623D /* PBXTargetDependency */,
			);
			fileSystemSynchronizedGroups = (
				8E772E272ED56FDA007B623D /* LaunchdMonitorAppUITests */,
			);
			name = LaunchdMonitorAppUITests;
			packageProductDependencies = (
			);
			productName = LaunchdMonitorAppUITests;
			productReference = 8E772E242ED56FDA007B623D /* LaunchdMonitorAppUITests.xctest */;
			productType = "com.apple.product-type.bundle.ui-testing";
		};
/* End PBXNativeTarget section */

/* Begin PBXProject section */
		8E772E012ED56FD9007B623D /* Project object */ = {
			isa = PBXProject;
			attributes = {
				BuildIndependentTargetsInParallel = 1;
				LastSwiftUpdateCheck = 1610;
				LastUpgradeCheck = 1610;
				TargetAttributes = {
					8E772E082ED56FD9007B623D = {
						CreatedOnToolsVersion = 16.1;
					};
					8E772E192ED56FDA007B623D = {
						CreatedOnToolsVersion = 16.1;
						TestTargetID = 8E772E082ED56FD9007B623D;
					};
					8E772E232ED56FDA007B623D = {
						CreatedOnToolsVersion = 16.1;
						TestTargetID = 8E772E082ED56FD9007B623D;
					};
				};
			};
			buildConfigurationList = 8E772E042ED56FD9007B623D /* Build configuration list for PBXProject "LaunchdMonitorApp" */;
			developmentRegion = en;
			hasScannedForEncodings = 0;
			knownRegions = (
				en,
				Base,
			);
			mainGroup = 8E772E002ED56FD9007B623D;
			minimizedProjectReferenceProxies = 1;
			preferredProjectObjectVersion = 77;
			productRefGroup = 8E772E0A2ED56FD9007B623D /* Products */;
			projectDirPath = "";
			projectRoot = "";
			targets = (
				8E772E082ED56FD9007B623D /* LaunchdMonitorApp */,
				8E772E192ED56FDA007B623D /* LaunchdMonitorAppTests */,
				8E772E232ED56FDA007B623D /* LaunchdMonitorAppUITests */,
			);
		};
/* End PBXProject section */

/* Begin PBXResourcesBuildPhase section */
		8E772E072ED56FD9007B623D /* Resources */ = {
			isa = PBXResourcesBuildPhase;
			buildActionMask = 2147483647;
			files = (
			);
			runOnlyForDeploymentPostprocessing = 0;
		};
		8E772E182ED56FDA007B623D /* Resources */ = {
			isa = PBXResourcesBuildPhase;
			buildActionMask = 2147483647;
			files = (
			);
			runOnlyForDeploymentPostprocessing = 0;
		};
		8E772E222ED56FDA007B623D /* Resources */ = {
			isa = PBXResourcesBuildPhase;
			buildActionMask = 2147483647;
			files = (
			);
			runOnlyForDeploymentPostprocessing = 0;
		};
/* End PBXResourcesBuildPhase section */

/* Begin PBXSourcesBuildPhase section */
		8E772E052ED56FD9007B623D /* Sources */ = {
			isa = PBXSourcesBuildPhase;
			buildActionMask = 2147483647;
			files = (
			);
			runOnlyForDeploymentPostprocessing = 0;
		};
		8E772E162ED56FDA007B623D /* Sources */ = {
			isa = PBXSourcesBuildPhase;
			buildActionMask = 2147483647;
			files = (
			);
			runOnlyForDeploymentPostprocessing = 0;
		};
		8E772E202ED56FDA007B623D /* Sources */ = {
			isa = PBXSourcesBuildPhase;
			buildActionMask = 2147483647;
			files = (
			);
			runOnlyForDeploymentPostprocessing = 0;
		};
/* End PBXSourcesBuildPhase section */

/* Begin PBXTargetDependency section */
		8E772E1C2ED56FDA007B623D /* PBXTargetDependency */ = {
			isa = PBXTargetDependency;
			target = 8E772E082ED56FD9007B623D /* LaunchdMonitorApp */;
			targetProxy = 8E772E1B2ED56FDA007B623D /* PBXContainerItemProxy */;
		};
		8E772E262ED56FDA007B623D /* PBXTargetDependency */ = {
			isa = PBXTargetDependency;
			target = 8E772E082ED56FD9007B623D /* LaunchdMonitorApp */;
			targetProxy = 8E772E252ED56FDA007B623D /* PBXContainerItemProxy */;
		};
/* End PBXTargetDependency section */

/* Begin XCBuildConfiguration section */
		8E772E2C2ED56FDA007B623D /* Debug */ = {
			isa = XCBuildConfiguration;
			buildSettings = {
				ALWAYS_SEARCH_USER_PATHS = NO;
				ASSETCATALOG_COMPILER_GENERATE_SWIFT_ASSET_SYMBOL_EXTENSIONS = YES;
				CLANG_ANALYZER_NONNULL = YES;
				CLANG_ANALYZER_NUMBER_OBJECT_CONVERSION = YES_AGGRESSIVE;
				CLANG_CXX_LANGUAGE_STANDARD = "gnu++20";
				CLANG_ENABLE_MODULES = YES;
				CLANG_ENABLE_OBJC_ARC = YES;
				CLANG_ENABLE_OBJC_WEAK = YES;
				CLANG_WARN_BLOCK_CAPTURE_AUTORELEASING = YES;
				CLANG_WARN_BOOL_CONVERSION = YES;
				CLANG_WARN_COMMA = YES;
				CLANG_WARN_CONSTANT_CONVERSION = YES;
				CLANG_WARN_DEPRECATED_OBJC_IMPLEMENTATIONS = YES;
				CLANG_WARN_DIRECT_OBJC_ISA_USAGE = YES_ERROR;
				CLANG_WARN_DOCUMENTATION_COMMENTS = YES;
				CLANG_WARN_EMPTY_BODY = YES;
				CLANG_WARN_ENUM_CONVERSION = YES;
				CLANG_WARN_INFINITE_RECURSION = YES;
				CLANG_WARN_INT_CONVERSION = YES;
				CLANG_WARN_NON_LITERAL_NULL_CONVERSION = YES;
				CLANG_WARN_OBJC_IMPLICIT_RETAIN_SELF = YES;
				CLANG_WARN_OBJC_LITERAL_CONVERSION = YES;
				CLANG_WARN_OBJC_ROOT_CLASS = YES_ERROR;
				CLANG_WARN_QUOTED_INCLUDE_IN_FRAMEWORK_HEADER = YES;
				CLANG_WARN_RANGE_LOOP_ANALYSIS = YES;
				CLANG_WARN_STRICT_PROTOTYPES = YES;
				CLANG_WARN_SUSPICIOUS_MOVE = YES;
				CLANG_WARN_UNGUARDED_AVAILABILITY = YES_AGGRESSIVE;
				CLANG_WARN_UNREACHABLE_CODE = YES;
				CLANG_WARN__DUPLICATE_METHOD_MATCH = YES;
				COPY_PHASE_STRIP = NO;
				DEBUG_INFORMATION_FORMAT = dwarf;
				ENABLE_STRICT_OBJC_MSGSEND = YES;
				ENABLE_TESTABILITY = YES;
				ENABLE_USER_SCRIPT_SANDBOXING = YES;
				GCC_C_LANGUAGE_STANDARD = gnu17;
				GCC_DYNAMIC_NO_PIC = NO;
				GCC_NO_COMMON_BLOCKS = YES;
				GCC_OPTIMIZATION_LEVEL = 0;
				GCC_PREPROCESSOR_DEFINITIONS = (
					"DEBUG=1",
					"$(inherited)",
				);
				GCC_WARN_64_TO_32_BIT_CONVERSION = YES;
				GCC_WARN_ABOUT_RETURN_TYPE = YES_ERROR;
				GCC_WARN_UNDECLARED_SELECTOR = YES;
				GCC_WARN_UNINITIALIZED_AUTOS = YES_AGGRESSIVE;
				GCC_WARN_UNUSED_FUNCTION = YES;
				GCC_WARN_UNUSED_VARIABLE = YES;
				LOCALIZATION_PREFERS_STRING_CATALOGS = YES;
				MACOSX_DEPLOYMENT_TARGET = 15.1;
				MTL_ENABLE_DEBUG_INFO = INCLUDE_SOURCE;
				MTL_FAST_MATH = YES;
				ONLY_ACTIVE_ARCH = YES;
				SDKROOT = macosx;
				SWIFT_ACTIVE_COMPILATION_CONDITIONS = "DEBUG $(inherited)";
				SWIFT_OPTIMIZATION_LEVEL = "-Onone";
			};
			name = Debug;
		};
		8E772E2D2ED56FDA007B623D /* Release */ = {
			isa = XCBuildConfiguration;
			buildSettings = {
				ALWAYS_SEARCH_USER_PATHS = NO;
				ASSETCATALOG_COMPILER_GENERATE_SWIFT_ASSET_SYMBOL_EXTENSIONS = YES;
				CLANG_ANALYZER_NONNULL = YES;
				CLANG_ANALYZER_NUMBER_OBJECT_CONVERSION = YES_AGGRESSIVE;
				CLANG_CXX_LANGUAGE_STANDARD = "gnu++20";
				CLANG_ENABLE_MODULES = YES;
				CLANG_ENABLE_OBJC_ARC = YES;
				CLANG_ENABLE_OBJC_WEAK = YES;
				CLANG_WARN_BLOCK_CAPTURE_AUTORELEASING = YES;
				CLANG_WARN_BOOL_CONVERSION = YES;
				CLANG_WARN_COMMA = YES;
				CLANG_WARN_CONSTANT_CONVERSION = YES;
				CLANG_WARN_DEPRECATED_OBJC_IMPLEMENTATIONS = YES;
				CLANG_WARN_DIRECT_OBJC_ISA_USAGE = YES_ERROR;
				CLANG_WARN_DOCUMENTATION_COMMENTS = YES;
				CLANG_WARN_EMPTY_BODY = YES;
				CLANG_WARN_ENUM_CONVERSION = YES;
				CLANG_WARN_INFINITE_RECURSION = YES;
				CLANG_WARN_INT_CONVERSION = YES;
				CLANG_WARN_NON_LITERAL_NULL_CONVERSION = YES;
				CLANG_WARN_OBJC_IMPLICIT_RETAIN_SELF = YES;
				CLANG_WARN_OBJC_LITERAL_CONVERSION = YES;
				CLANG_WARN_OBJC_ROOT_CLASS = YES_ERROR;
				CLANG_WARN_QUOTED_INCLUDE_IN_FRAMEWORK_HEADER = YES;
				CLANG_WARN_RANGE_LOOP_ANALYSIS = YES;
				CLANG_WARN_STRICT_PROTOTYPES = YES;
				CLANG_WARN_SUSPICIOUS_MOVE = YES;
				CLANG_WARN_UNGUARDED_AVAILABILITY = YES_AGGRESSIVE;
				CLANG_WARN_UNREACHABLE_CODE = YES;
				CLANG_WARN__DUPLICATE_METHOD_MATCH = YES;
				COPY_PHASE_STRIP = NO;
				DEBUG_INFORMATION_FORMAT = "dwarf-with-dsym";
				ENABLE_NS_ASSERTIONS = NO;
				ENABLE_STRICT_OBJC_MSGSEND = YES;
				ENABLE_USER_SCRIPT_SANDBOXING = YES;
				GCC_C_LANGUAGE_STANDARD = gnu17;
				GCC_NO_COMMON_BLOCKS = YES;
				GCC_WARN_64_TO_32_BIT_CONVERSION = YES;
				GCC_WARN_ABOUT_RETURN_TYPE = YES_ERROR;
				GCC_WARN_UNDECLARED_SELECTOR = YES;
				GCC_WARN_UNINITIALIZED_AUTOS = YES_AGGRESSIVE;
				GCC_WARN_UNUSED_FUNCTION = YES;
				GCC_WARN_UNUSED_VARIABLE = YES;
				LOCALIZATION_PREFERS_STRING_CATALOGS = YES;
				MACOSX_DEPLOYMENT_TARGET = 15.1;
				MTL_ENABLE_DEBUG_INFO = NO;
				MTL_FAST_MATH = YES;
				SDKROOT = macosx;
				SWIFT_COMPILATION_MODE = wholemodule;
			};
			name = Release;
		};
		8E772E2F2ED56FDA007B623D /* Debug */ = {
			isa = XCBuildConfiguration;
			buildSettings = {
				ASSETCATALOG_COMPILER_APPICON_NAME = AppIcon;
				ASSETCATALOG_COMPILER_GLOBAL_ACCENT_COLOR_NAME = AccentColor;
				CODE_SIGN_ENTITLEMENTS = LaunchdMonitorApp/LaunchdMonitorApp.entitlements;
				CODE_SIGN_STYLE = Automatic;
				COMBINE_HIDPI_IMAGES = YES;
				CURRENT_PROJECT_VERSION = 1;
				DEVELOPMENT_ASSET_PATHS = "\"LaunchdMonitorApp/Preview Content\"";
				DEVELOPMENT_TEAM = MQ8DF9KUNF;
				ENABLE_HARDENED_RUNTIME = YES;
				ENABLE_PREVIEWS = YES;
				GENERATE_INFOPLIST_FILE = YES;
				INFOPLIST_KEY_NSHumanReadableCopyright = "";
				LD_RUNPATH_SEARCH_PATHS = (
					"$(inherited)",
					"@executable_path/../Frameworks",
				);
				MARKETING_VERSION = 1.0;
				PRODUCT_BUNDLE_IDENTIFIER = atoota.LaunchdMonitorApp;
				PRODUCT_NAME = "$(TARGET_NAME)";
				SWIFT_EMIT_LOC_STRINGS = YES;
				SWIFT_VERSION = 5.0;
			};
			name = Debug;
		};
		8E772E302ED56FDA007B623D /* Release */ = {
			isa = XCBuildConfiguration;
			buildSettings = {
				ASSETCATALOG_COMPILER_APPICON_NAME = AppIcon;
				ASSETCATALOG_COMPILER_GLOBAL_ACCENT_COLOR_NAME = AccentColor;
				CODE_SIGN_ENTITLEMENTS = LaunchdMonitorApp/LaunchdMonitorApp.entitlements;
				CODE_SIGN_STYLE = Automatic;
				COMBINE_HIDPI_IMAGES = YES;
				CURRENT_PROJECT_VERSION = 1;
				DEVELOPMENT_ASSET_PATHS = "\"LaunchdMonitorApp/Preview Content\"";
				DEVELOPMENT_TEAM = MQ8DF9KUNF;
				ENABLE_HARDENED_RUNTIME = YES;
				ENABLE_PREVIEWS = YES;
				GENERATE_INFOPLIST_FILE = YES;
				INFOPLIST_KEY_NSHumanReadableCopyright = "";
				LD_RUNPATH_SEARCH_PATHS = (
					"$(inherited)",
					"@executable_path/../Frameworks",
				);
				MARKETING_VERSION = 1.0;
				PRODUCT_BUNDLE_IDENTIFIER = atoota.LaunchdMonitorApp;
				PRODUCT_NAME = "$(TARGET_NAME)";
				SWIFT_EMIT_LOC_STRINGS = YES;
				SWIFT_VERSION = 5.0;
			};
			name = Release;
		};
		8E772E322ED56FDA007B623D /* Debug */ = {
			isa = XCBuildConfiguration;
			buildSettings = {
				BUNDLE_LOADER = "$(TEST_HOST)";
				CODE_SIGN_STYLE = Automatic;
				CURRENT_PROJECT_VERSION = 1;
				DEVELOPMENT_TEAM = MQ8DF9KUNF;
				GENERATE_INFOPLIST_FILE = YES;
				MACOSX_DEPLOYMENT_TARGET = 15.1;
				MARKETING_VERSION = 1.0;
				PRODUCT_BUNDLE_IDENTIFIER = atoota.LaunchdMonitorAppTests;
				PRODUCT_NAME = "$(TARGET_NAME)";
				SWIFT_EMIT_LOC_STRINGS = NO;
				SWIFT_VERSION = 5.0;
				TEST_HOST = "$(BUILT_PRODUCTS_DIR)/LaunchdMonitorApp.app/$(BUNDLE_EXECUTABLE_FOLDER_PATH)/LaunchdMonitorApp";
			};
			name = Debug;
		};
		8E772E332ED56FDA007B623D /* Release */ = {
			isa = XCBuildConfiguration;
			buildSettings = {
				BUNDLE_LOADER = "$(TEST_HOST)";
				CODE_SIGN_STYLE = Automatic;
				CURRENT_PROJECT_VERSION = 1;
				DEVELOPMENT_TEAM = MQ8DF9KUNF;
				GENERATE_INFOPLIST_FILE = YES;
				MACOSX_DEPLOYMENT_TARGET = 15.1;
				MARKETING_VERSION = 1.0;
				PRODUCT_BUNDLE_IDENTIFIER = atoota.LaunchdMonitorAppTests;
				PRODUCT_NAME = "$(TARGET_NAME)";
				SWIFT_EMIT_LOC_STRINGS = NO;
				SWIFT_VERSION = 5.0;
				TEST_HOST = "$(BUILT_PRODUCTS_DIR)/LaunchdMonitorApp.app/$(BUNDLE_EXECUTABLE_FOLDER_PATH)/LaunchdMonitorApp";
			};
			name = Release;
		};
		8E772E352ED56FDA007B623D /* Debug */ = {
			isa = XCBuildConfiguration;
			buildSettings = {
				CODE_SIGN_STYLE = Automatic;
				CURRENT_PROJECT_VERSION = 1;
				DEVELOPMENT_TEAM = MQ8DF9KUNF;
				GENERATE_INFOPLIST_FILE = YES;
				MARKETING_VERSION = 1.0;
				PRODUCT_BUNDLE_IDENTIFIER = atoota.LaunchdMonitorAppUITests;
				PRODUCT_NAME = "$(TARGET_NAME)";
				SWIFT_EMIT_LOC_STRINGS = NO;
				SWIFT_VERSION = 5.0;
				TEST_TARGET_NAME = LaunchdMonitorApp;
			};
			name = Debug;
		};
		8E772E362ED56FDA007B623D /* Release */ = {
			isa = XCBuildConfiguration;
			buildSettings = {
				CODE_SIGN_STYLE = Automatic;
				CURRENT_PROJECT_VERSION = 1;
				DEVELOPMENT_TEAM = MQ8DF9KUNF;
				GENERATE_INFOPLIST_FILE = YES;
				MARKETING_VERSION = 1.0;
				PRODUCT_BUNDLE_IDENTIFIER = atoota.LaunchdMonitorAppUITests;
				PRODUCT_NAME = "$(TARGET_NAME)";
				SWIFT_EMIT_LOC_STRINGS = NO;
				SWIFT_VERSION = 5.0;
				TEST_TARGET_NAME = LaunchdMonitorApp;
			};
			name = Release;
		};
/* End XCBuildConfiguration section */

/* Begin XCConfigurationList section */
		8E772E042ED56FD9007B623D /* Build configuration list for PBXProject "LaunchdMonitorApp" */ = {
			isa = XCConfigurationList;
			buildConfigurations = (
				8E772E2C2ED56FDA007B623D /* Debug */,
				8E772E2D2ED56FDA007B623D /* Release */,
			);
			defaultConfigurationIsVisible = 0;
			defaultConfigurationName = Release;
		};
		8E772E2E2ED56FDA007B623D /* Build configuration list for PBXNativeTarget "LaunchdMonitorApp" */ = {
			isa = XCConfigurationList;
			buildConfigurations = (
				8E772E2F2ED56FDA007B623D /* Debug */,
				8E772E302ED56FDA007B623D /* Release */,
			);
			defaultConfigurationIsVisible = 0;
			defaultConfigurationName = Release;
		};
		8E772E312ED56FDA007B623D /* Build configuration list for PBXNativeTarget "LaunchdMonitorAppTests" */ = {
			isa = XCConfigurationList;
			buildConfigurations = (
				8E772E322ED56FDA007B623D /* Debug */,
				8E772E332ED56FDA007B623D /* Release */,
			);
			defaultConfigurationIsVisible = 0;
			defaultConfigurationName = Release;
		};
		8E772E342ED56FDA007B623D /* Build configuration list for PBXNativeTarget "LaunchdMonitorAppUITests" */ = {
			isa = XCConfigurationList;
			buildConfigurations = (
				8E772E352ED56FDA007B623D /* Debug */,
				8E772E362ED56FDA007B623D /* Release */,
			);
			defaultConfigurationIsVisible = 0;
			defaultConfigurationName = Release;
		};
/* End XCConfigurationList section */
	};
	rootObject = 8E772E012ED56FD9007B623D /* Project object */;
}
